
Microsoft Visual Studio Solution File, Format Version 12.00
# Visual Studio Version 17
VisualStudioVersion = 17.10.35027.167
MinimumVisualStudioVersion = 10.0.40219.1
Project("{FAE04EC0-301F-11D3-BF4B-00C04F79EFBC}") = "program", "program.csproj", "{05D12D6C-A2D9-4AD3-B538-E2CA20DA5176}"
EndProject
Global
	GlobalSection(SolutionConfigurationPlatforms) = preSolution
		Debug|Any CPU = Debug|Any CPU
		Release|Any CPU = Release|Any CPU
	EndGlobalSection
	GlobalSection(ProjectConfigurationPlatforms) = postSolution
		{05D12D6C-A2D9-4AD3-B538-E2CA20DA5176}.Debug|Any CPU.ActiveCfg = Debug|Any CPU
		{05D12D6C-A2D9-4AD3-B538-E2CA20DA5176}.Debug|Any CPU.Build.0 = Debug|Any CPU
		{05D12D6C-A2D9-4AD3-B538-E2CA20DA5176}.Release|Any CPU.ActiveCfg = Release|Any CPU
		{05D12D6C-A2D9-4AD3-B538-E2CA20DA5176}.Release|Any CPU.Build.0 = Release|Any CPU
	EndGlobalSection
	GlobalSection(SolutionProperties) = preSolution
		HideSolutionNode = FALSE
	EndGlobalSection
	GlobalSection(ExtensibilityGlobals) = postSolution
		SolutionGuid = {C33C2051-D824-4D75-82D4-80424FF60D00}
	EndGlobalSection
EndGlobal
